
Microsoft Visual Studio Solution File, Format Version 12.00
# Visual Studio Version 17
VisualStudioVersion = 17.1.32328.378
MinimumVisualStudioVersion = 10.0.40219.1
Project("{FAE04EC0-301F-11D3-BF4B-00C04F79EFBC}") = "TestTask2", "TestTask2.csproj", "{708189EA-CAA0-40F1-AF79-AB63BE56031E}"
EndProject
Global
	GlobalSection(SolutionConfigurationPlatforms) = preSolution
		Debug|Any CPU = Debug|Any CPU
		Release|Any CPU = Release|Any CPU
	EndGlobalSection
	GlobalSection(ProjectConfigurationPlatforms) = postSolution
		{708189EA-CAA0-40F1-AF79-AB63BE56031E}.Debug|Any CPU.ActiveCfg = Debug|Any CPU
		{708189EA-CAA0-40F1-AF79-AB63BE56031E}.Debug|Any CPU.Build.0 = Debug|Any CPU
		{708189EA-CAA0-40F1-AF79-AB63BE56031E}.Release|Any CPU.ActiveCfg = Release|Any CPU
		{708189EA-CAA0-40F1-AF79-AB63BE56031E}.Release|Any CPU.Build.0 = Release|Any CPU
	EndGlobalSection
	GlobalSection(SolutionProperties) = preSolution
		HideSolutionNode = FALSE
	EndGlobalSection
	GlobalSection(ExtensibilityGlobals) = postSolution
		SolutionGuid = {35C48BC5-9721-463D-9591-6B1388F3B0E8}
	EndGlobalSection
EndGlobal
